{"SurveyEntry":{"SurveyID":"SV_aeH0K6WlTIbRDaA","SurveyName":"Risen & Gilovich replication (ML5 v1)","SurveyDescription":null,"SurveyOwnerID":"URH_1MuSsKuNN3l85qA","SurveyBrandID":"stanforduniversity","DivisionID":null,"SurveyLanguage":"EN","SurveyActiveResponseSet":"RS_cZmOyQf61D5190E","SurveyStatus":"Active","SurveyStartDate":"0000-00-00 00:00:00","SurveyExpirationDate":"0000-00-00 00:00:00","SurveyCreationDate":"2012-03-05 13:22:02","CreatorID":"URH_1MuSsKuNN3l85qA","LastModified":"2016-11-07 09:03:16","LastAccessed":"0000-00-00 00:00:00","LastActivated":"2016-10-07 13:16:48","Deleted":null},"SurveyElements":[{"SurveyID":"SV_aeH0K6WlTIbRDaA","Element":"BL","PrimaryAttribute":"Survey Blocks","SecondaryAttribute":null,"TertiaryAttribute":null,"Payload":{"1":{"Type":"Trash","Description":"Trash \/ Unused Questions","ID":"BL_b7cNviXLLiTmcVS","BlockElements":[]},"2":{"Type":"Standard","Description":"L1 - R1 scenario","ID":"BL_e974EM7N7DIYlTe","BlockElements":[{"Type":"Question","QuestionID":"QID44"}]},"3":{"Type":"Standard","Description":"L0 - R1 scenario","ID":"BL_9S9tUSTCpeBBO6g","BlockElements":[{"Type":"Question","QuestionID":"QID11"}]},"4":{"Type":"Standard","Description":"L0 - R0 scenario","ID":"BL_1BNWrna8HerKKJm","BlockElements":[{"Type":"Question","QuestionID":"QID14"}]},"5":{"Type":"Standard","Description":"Thank you","ID":"BL_3xWIYONotnWJInq","BlockElements":[{"Type":"Question","QuestionID":"QID16"}]},"6":{"Type":"Standard","SubType":"","Description":"Academic pressure","ID":"BL_8qMU4CbWN4oeoWV","BlockElements":[{"Type":"Question","QuestionID":"QID56"},{"Type":"Page Break"},{"Type":"Question","QuestionID":"QID58"}]},"8":{"Type":"Standard","Description":"Load post-scenario block","ID":"BL_6oiG5PK7ZH6iS1L","BlockElements":[{"Type":"Page Break"},{"Type":"Question","QuestionID":"QID28"},{"Type":"Page Break"},{"Type":"Question","QuestionID":"QID29"},{"Type":"Page Break"},{"Type":"Question","QuestionID":"QID52"},{"Type":"Page Break"},{"Type":"Question","QuestionID":"QID53"}]},"9":{"Type":"Standard","Description":"Load pre-scenario block","ID":"BL_9ohjNkYcHc2M32d","BlockElements":[{"Type":"Question","QuestionID":"QID32"}]},"10":{"Type":"Standard","SubType":"","Description":"L1 - R0 scenario","ID":"BL_cOyjV1heIAFsRLf","BlockElements":[{"Type":"Question","QuestionID":"QID45"}]},"11":{"Type":"Standard","SubType":"","Description":"Reveal randomization","ID":"BL_0facBOQPMYRHxoF","BlockElements":[{"Type":"Question","QuestionID":"QID46"}]},"12":{"Type":"Standard","SubType":"","Description":"Consent","ID":"BL_9H0CPjrRA1f2qs5","BlockElements":[{"Type":"Question","QuestionID":"QID57"}]}}},{"SurveyID":"SV_aeH0K6WlTIbRDaA","Element":"FL","PrimaryAttribute":"Survey Flow","SecondaryAttribute":null,"TertiaryAttribute":null,"Payload":{"Type":"Root","FlowID":"FL_1","Flow":[{"Type":"WebService","FlowID":"FL_15","URL":"http:\/\/reporting.qualtrics.com\/projects\/randomNumGen.php","RequestParams":[{"key":"min","value":"423000"},{"key":"max","value":"423999"}],"ResponseMap":[{"key":"random","value":"mTurkCode"}],"FireAndForget":false},{"Type":"Block","ID":"BL_9H0CPjrRA1f2qs5","FlowID":"FL_54"},{"Type":"BlockRandomizer","FlowID":"FL_26","SubSet":1,"EvenPresentation":true,"Flow":[{"Type":"EmbeddedData","FlowID":"FL_27","EmbeddedData":[{"Description":"load","Type":"Custom","Field":"load","VariableType":"Nominal","Value":"0"},{"Description":"had.read","Type":"Custom","Field":"had.read","VariableType":"Nominal","Value":"0"}]},{"Type":"EmbeddedData","FlowID":"FL_28","EmbeddedData":[{"Description":"load","Type":"Custom","Field":"load","VariableType":"Nominal","Value":"1"},{"Description":"had.read","Type":"Custom","Field":"had.read","VariableType":"Nominal","Value":"0"}]},{"Type":"EmbeddedData","FlowID":"FL_32","EmbeddedData":[{"Description":"load","Type":"Custom","Field":"load","VariableType":"Nominal","Value":"0"},{"Description":"had.read","Type":"Custom","Field":"had.read","VariableType":"Nominal","Value":"1"}]},{"Type":"EmbeddedData","FlowID":"FL_31","EmbeddedData":[{"Description":"load","Type":"Custom","Field":"load","VariableType":"Nominal","Value":"1"},{"Description":"had.read","Type":"Custom","Field":"had.read","VariableType":"Nominal","Value":"1"}]}]},{"Type":"Standard","ID":"BL_0facBOQPMYRHxoF","FlowID":"FL_51"},{"Type":"Branch","FlowID":"FL_33","Description":"New Branch","BranchLogic":{"0":{"0":{"LogicType":"EmbeddedField","LeftOperand":"load","Operator":"EqualTo","RightOperand":"1","_HiddenExpression":false,"Type":"Expression","Description":"<span class=\"ConjDesc\">If<\/span> <span class=\"QuestionDesc\"><\/span> <span class=\"LeftOpDesc\">load<\/span> Is <span class=\"OpDesc\">Equal to<\/span> <span class=\"RightOpDesc\"> 1 <\/span>"},"Type":"If"},"Type":"BooleanExpression"},"Flow":[{"Type":"Block","ID":"BL_9ohjNkYcHc2M32d","FlowID":"FL_34"},{"Type":"Branch","FlowID":"FL_36","Description":"New Branch","BranchLogic":{"0":{"0":{"LogicType":"EmbeddedField","LeftOperand":"had.read","Operator":"EqualTo","RightOperand":"1","_HiddenExpression":false,"Type":"Expression","Description":"<span class=\"ConjDesc\">If<\/span> <span class=\"QuestionDesc\"><\/span> <span class=\"LeftOpDesc\">had.read<\/span> Is <span class=\"OpDesc\">Equal to<\/span> <span class=\"RightOpDesc\"> 1 <\/span>"},"Type":"If"},"Type":"BooleanExpression"},"Flow":[{"Type":"Block","ID":"BL_e974EM7N7DIYlTe","FlowID":"FL_37"}]},{"Type":"Branch","FlowID":"FL_38","Description":"New Branch","BranchLogic":{"0":{"0":{"LogicType":"EmbeddedField","LeftOperand":"had.read","Operator":"EqualTo","RightOperand":"0","_HiddenExpression":false,"Type":"Expression","Description":"<span class=\"ConjDesc\">If<\/span> <span class=\"QuestionDesc\"><\/span> <span class=\"LeftOpDesc\">had.read<\/span> Is <span class=\"OpDesc\">Equal to<\/span> <span class=\"RightOpDesc\"> 0 <\/span>"},"Type":"If"},"Type":"BooleanExpression"},"Flow":[{"Type":"Block","ID":"BL_cOyjV1heIAFsRLf","FlowID":"FL_40"}]},{"Type":"Block","ID":"BL_6oiG5PK7ZH6iS1L","FlowID":"FL_41"}]},{"Type":"Branch","FlowID":"FL_42","Description":"New Branch","BranchLogic":{"0":{"0":{"LogicType":"EmbeddedField","LeftOperand":"load","Operator":"EqualTo","RightOperand":"0","_HiddenExpression":false,"Type":"Expression","Description":"<span class=\"ConjDesc\">If<\/span> <span class=\"QuestionDesc\"><\/span> <span class=\"LeftOpDesc\">load<\/span> Is <span class=\"OpDesc\">Equal to<\/span> <span class=\"RightOpDesc\"> 0 <\/span>"},"Type":"If"},"Type":"BooleanExpression"},"Flow":[{"Type":"Branch","FlowID":"FL_44","Description":"New Branch","BranchLogic":{"0":{"0":{"LogicType":"EmbeddedField","LeftOperand":"had.read","Operator":"EqualTo","RightOperand":"1","_HiddenExpression":false,"Type":"Expression","Description":"<span class=\"ConjDesc\">If<\/span> <span class=\"QuestionDesc\"><\/span> <span class=\"LeftOpDesc\">had.read<\/span> Is <span class=\"OpDesc\">Equal to<\/span> <span class=\"RightOpDesc\"> 1 <\/span>"},"Type":"If"},"Type":"BooleanExpression"},"Flow":[{"Type":"Block","ID":"BL_9S9tUSTCpeBBO6g","FlowID":"FL_49"}]},{"Type":"Branch","FlowID":"FL_46","Description":"New Branch","BranchLogic":{"0":{"0":{"LogicType":"EmbeddedField","LeftOperand":"had.read","Operator":"EqualTo","RightOperand":"0","_HiddenExpression":false,"Type":"Expression","Description":"<span class=\"ConjDesc\">If<\/span> <span class=\"QuestionDesc\"><\/span> <span class=\"LeftOpDesc\">had.read<\/span> Is <span class=\"OpDesc\">Equal to<\/span> <span class=\"RightOpDesc\"> 0 <\/span>"},"Type":"If"},"Type":"BooleanExpression"},"Flow":[{"Type":"Block","ID":"BL_1BNWrna8HerKKJm","FlowID":"FL_50"}]}]},{"Type":"Block","ID":"BL_8qMU4CbWN4oeoWV","FlowID":"FL_52"},{"Type":"Standard","ID":"BL_3xWIYONotnWJInq","FlowID":"FL_10"}],"Properties":{"Count":54}}},{"SurveyID":"SV_aeH0K6WlTIbRDaA","Element":"SO","PrimaryAttribute":"Survey Options","SecondaryAttribute":null,"TertiaryAttribute":null,"Payload":{"BackButton":"false","SaveAndContinue":"false","SurveyProtection":"PublicSurvey","BallotBoxStuffingPrevention":"false","OneCompletePerIP":"false","SurveyExpiration":null,"SurveyTermination":"DefaultMessage","Header":"","Footer":"","ProgressBarDisplay":"None","PartialData":"+4 hour","ValidationMessage":null,"PreviousButton":"  <<  ","NextButton":"  >>  ","SkinLibrary":"stanforduniversity","SkinType":"MQ","Skin":"stanfordbasic02","SpellChecked":0,"EOSMessage":"","ShowExportTags":"false","SurveyTitle":"Survey | Qualtrics Survey Software","SurveyMetaDescription":"Survey Software, Enterprise Survey software for enterprise feedback management and CRM solutions.  Enables high-quality data collection, panel management and results analysis. Perfect for market research or CRM solution (Customer Relationship Management) integration.  Free trial and consultation.","PasswordProtection":"No","AnonymizeResponse":"No","Password":"mturk","RefererCheck":"No","NoIndex":"No","RefererURL":"http:\/\/","EOSMessageLibrary":"","EOSRedirectURL":"http:\/\/","EmailThankYou":"false","ThankYouEmailMessageLibrary":null,"ThankYouEmailMessage":null,"ValidateMessage":"false","ValidationMessageLibrary":null,"InactiveSurvey":"DefaultMessage","InactiveMessageLibrary":"","InactiveMessage":"","AvailableLanguages":{"EN":[]},"SkinQuestionWidth":700,"SurveyCreationDate":"2012-03-05 13:22:02","NewScoring":1,"CollectGeoLocation":"false","SecureResponseFiles":"false","ActiveResponseSet":null,"libraryId":"","nextButtonMid":"","previousButtonMid":"","headerMid":"","footerMid":"","QuestionsPerPage":"","PageTransition":"Fade","ExternalCSS":"https:\/\/","CustomStyles":{"errorStyles":{"selector":".Skin .ValidationError","styles":{"color":null,"backgroundColor":null,"borderColor":null}},"errorStylesBG":{"selector":".Skin .HeaderValidationError, .Skin .HeaderValidationError li a","styles":{"color":null,"backgroundColor":null}},"pageStyles":{"selector":"#SurveyEngineBody","styles":{"backgroundColor":null}},"textStyles":{"selector":".SkinInner","styles":{"fontFamily":"arial, helvetica, sans-serif","fontSize":"130%","fontWeight":null,"fontStyle":null,"textDecoration":null,"color":null}},"questionStyles":{"selector":".Skin .QuestionText","styles":{"fontFamily":"","fontSize":"","fontWeight":"normal","fontStyle":"normal","textDecoration":"none","color":null}},"choiceStyles":{"selector":".Skin .horizontalbar th.ylabel, .Skin .Matrix table td, .Skin .Matrix table th, .Skin .Matrix table thead th, .Skin .Matrix table thead td, .Skin .PGR .DragAndDrop .Items label, .Skin .QuestionBody ul.ChoiceStructure, .Skin .PGR .DragAndDrop .Group ul, .Skin .PGR .DragAndDrop .Group h2, .Skin .PGR .DragAndDrop .Items ul, .Skin .PGR .DragAndDrop .Items h2, .Skin .DD .QuestionBody table.ChoiceStructure, .Skin .PGR .DragAndDrop .NoColumns td.groupsContainerTd div ul, .Skin .PGR .DragAndDrop .NoColumns td.groupsContainerTd div h2, .Skin .SBS thead th, .Skin .SBS td, .Skin .SBS .Answers td, .Skin .SBS .Answers th, .SBS table.ChoiceStructure, .Skin .horizontalbar thead table.LabelDescriptions tr td, .Skin .horizontalbar thead tr td.NotApplicable, .QuestionBody th, .Skin .QuestionBody .MC .MAVR label, .Skin .QuestionBody .MC .SAVR label, .Skin .SBS thead th, .Skin .SBS td, .Skin .RO .DND ul li, .Skin .reg, .SkinInner .ChoiceStructure, .Skin thead, .Skin .GAP .ChoiceStructure thead th, .Skin .GAP .ChoiceStructure .c4, .Skin .GAP .ChoiceStructure th, .Skin .GAP .ChoiceStructure .WhyText, .SkinInner .ChoiceStructure .LightBG, .Skin .QuestionOuter.Highlight .Inner .reg, .Skin .QuestionOuter.Highlight .Inner .alt, .Skin .QuestionOuter.Highlight .Inner .ReadableAlt       ","styles":{"fontFamily":"","fontSize":"","fontWeight":"normal","fontStyle":"normal","textDecoration":"none","color":null}},"headerStyles":{"selector":".Skin div#Header","styles":{"color":null}},"footerStyles":{"selector":".Skin #Footer","styles":{"color":null}},"questionSeparatorStyles":{"selector":".Skin .Separator","styles":{"backgroundColor":null,"display":null}},"highlightStyles":{"selector":".Skin .QuestionOuter.Highlight .Inner, .Skin .QuestionOuter.Highlight .Inner .reg, .Skin .QuestionOuter.Highlight .Inner .alt, .Skin .QuestionOuter.Highlight .Inner .ReadableAlt","styles":{"backgroundColor":null}},"highlightStylesAlt":{"selector":".Skin .QuestionOuter.Highlight .Inner .ReadableAlt, .Skin .QuestionOuter.Highlight .Inner .LightBG","styles":{"backgroundColor":null}},"textEntryStyles":{"selector":".Skin select, .Skin .InputText","styles":{"color":null}},"borderStyles":{"selector":".Skin .CS .horizontalbar table.sliderGrid tr.xlabel th, .Skin .CS .horizontalbar .ylabel, .Skin .CS .horizontalbar table.sliderGrid tr td.value, .Skin .Slider .horizontalbar table.sliderGrid tr.xlabel th, .Skin .BorderColor, .Skin .DarkBorderColor, .Skin .Slider .horizontalbar table.sliderGrid tr td.value, .Skin thead, .Skin .GAP .ChoiceStructure thead th  ","styles":{"borderColor":null}},"altRowStyles":{"selector":".Skin .ReadableAlt, .Skin .LightBG","styles":{"backgroundColor":null}},"customCSS":null},"HighlightQuestions":"off"}},{"SurveyID":"SV_aeH0K6WlTIbRDaA","Element":"SCO","PrimaryAttribute":"Scoring","SecondaryAttribute":null,"TertiaryAttribute":null,"Payload":{"ScoringCategories":[],"ScoringCategoryGroups":[],"ScoringSummaryCategory":null,"ScoringSummaryAfterQuestions":false,"ScoringSummaryAfterSurvey":false,"NextCategoryId":1,"NextGroupId":1,"DefaultScoringCategory":null,"ID":"Scoring"}},{"SurveyID":"SV_aeH0K6WlTIbRDaA","Element":"STAT","PrimaryAttribute":"Survey Statistics","SecondaryAttribute":null,"TertiaryAttribute":null,"Payload":{"MobileCompatible":false,"ID":"Survey Statistics"}},{"SurveyID":"SV_aeH0K6WlTIbRDaA","Element":"SQ","PrimaryAttribute":"QID57","SecondaryAttribute":"(Insert consent text here.)","TertiaryAttribute":null,"Payload":{"QuestionText":"<span style=\"color:#FF0000;\">(Insert consent text here.)<\/span>","DefaultChoices":false,"DataExportTag":"Q24","QuestionType":"DB","Selector":"TB","Configuration":{"QuestionDescriptionOption":"UseText"},"QuestionDescription":"(Insert consent text here.)","ChoiceOrder":[],"Validation":{"Settings":{"Type":"None"}},"GradingData":[],"Language":[],"QuestionID":"QID57"}},{"SurveyID":"SV_aeH0K6WlTIbRDaA","Element":"QC","PrimaryAttribute":"Survey Question Count","SecondaryAttribute":"58","TertiaryAttribute":null,"Payload":null},{"SurveyID":"SV_aeH0K6WlTIbRDaA","Element":"RS","PrimaryAttribute":"RS_cZmOyQf61D5190E","SecondaryAttribute":"Default Response Set","TertiaryAttribute":null,"Payload":null},{"SurveyID":"SV_aeH0K6WlTIbRDaA","Element":"SQ","PrimaryAttribute":"QID52","SecondaryAttribute":"How difficult was the counting task?","TertiaryAttribute":null,"Payload":{"QuestionText":"How difficult was the counting task?","DefaultChoices":false,"DataExportTag":"Q21","QuestionType":"Slider","Selector":"HSLIDER","Configuration":{"QuestionDescriptionOption":"UseText","CSSliderMin":0,"CSSliderMax":10,"GridLines":10,"SnapToGrid":false,"NumDecimals":"0","ShowValue":true,"CustomStart":false,"NotApplicable":false,"MobileFirst":false},"QuestionDescription":"How difficult was the counting task?","Choices":{"1":{"Display":"&nbsp;"}},"ChoiceOrder":[1],"Validation":{"Settings":{"ForceResponse":"OFF","ForceResponseType":"ON","Type":"None"}},"GradingData":[],"Language":[],"Labels":{"1":{"Display":"Not at all difficult"},"2":{"Display":"Extremely difficult"}},"QuestionID":"QID52"}},{"SurveyID":"SV_aeH0K6WlTIbRDaA","Element":"SQ","PrimaryAttribute":"QID53","SecondaryAttribute":"How much effort did the counting task require?","TertiaryAttribute":null,"Payload":{"QuestionText":"How much effort did the counting task require?","DefaultChoices":false,"DataExportTag":"Q22","QuestionType":"Slider","Selector":"HSLIDER","Configuration":{"QuestionDescriptionOption":"UseText","CSSliderMin":0,"CSSliderMax":10,"GridLines":10,"SnapToGrid":false,"NumDecimals":"0","ShowValue":true,"CustomStart":false,"NotApplicable":false,"MobileFirst":false},"QuestionDescription":"How much effort did the counting task require?","Choices":{"1":{"Display":"&nbsp;"}},"ChoiceOrder":[1],"Validation":{"Settings":{"ForceResponse":"ON","ForceResponseType":"ON","Type":"None"}},"GradingData":[],"Language":[],"Labels":{"1":{"Display":"Very little effort"},"2":{"Display":"A lot of effort"}},"QuestionID":"QID53"}},{"SurveyID":"SV_aeH0K6WlTIbRDaA","Element":"SQ","PrimaryAttribute":"QID56","SecondaryAttribute":"If you were a student in the class you just read about, how important would it be to you to answe...","TertiaryAttribute":null,"Payload":{"QuestionText":"If you were a student in the class you just read about, how important would it be to you to answer questions correctly in class?","DefaultChoices":false,"DataExportTag":"Q26","QuestionType":"Slider","Selector":"HSLIDER","Configuration":{"QuestionDescriptionOption":"UseText","CSSliderMin":0,"CSSliderMax":10,"GridLines":10,"SnapToGrid":false,"NumDecimals":"0","ShowValue":true,"CustomStart":true,"SliderStartPositions":{"1":0},"NotApplicable":false,"MobileFirst":false},"QuestionDescription":"If you were a student in the class you just read about, how important would it be to you to answe...","Choices":{"1":{"Display":"&nbsp;"}},"ChoiceOrder":[1],"Validation":{"Settings":{"ForceResponse":"ON","ForceResponseType":"ON","Type":"None"}},"GradingData":[],"Language":[],"Labels":{"1":{"Display":"Not at all important"},"2":{"Display":"Extremely important"}},"QuestionID":"QID56"}},{"SurveyID":"SV_aeH0K6WlTIbRDaA","Element":"SQ","PrimaryAttribute":"QID58","SecondaryAttribute":"If you were a student in the class, how bad would you feel if you were called on by the professor...","TertiaryAttribute":null,"Payload":{"QuestionText":"<span class=\"m_-1274326202176712725gmail_msg\" style=\"line-height:16.866666793823242px\">If\n you were a student in the class, how bad would you feel if you were \ncalled on by the professor, but couldn\u2019t answer the question?<\/span>","DefaultChoices":false,"DataExportTag":"Q14","QuestionType":"Slider","Selector":"HSLIDER","Configuration":{"QuestionDescriptionOption":"UseText","CSSliderMin":0,"CSSliderMax":10,"GridLines":10,"SnapToGrid":false,"NumDecimals":"0","ShowValue":true,"CustomStart":true,"SliderStartPositions":{"1":0},"NotApplicable":false,"MobileFirst":false},"QuestionDescription":"If you were a student in the class, how bad would you feel if you were called on by the professor...","Choices":{"1":{"Display":"&nbsp;"}},"ChoiceOrder":[1],"Validation":{"Settings":{"ForceResponse":"ON","ForceResponseType":"ON","Type":"None"}},"GradingData":[],"Language":[],"Labels":{"1":{"Display":"Not at all bad"},"2":{"Display":"Very bad"}},"QuestionID":"QID58"}},{"SurveyID":"SV_aeH0K6WlTIbRDaA","Element":"SQ","PrimaryAttribute":"QID29","SecondaryAttribute":"It\nis often very difficult to complete two tasks simultaneously. Please indicate\nhow much effort you","TertiaryAttribute":null,"Payload":{"QuestionText":"<p>It\nis often very difficult to complete two tasks simultaneously. Please indicate\nhow much effort you believe you put into each of the two tasks by choosing the\nappropriate number.<o:p><\/o:p><\/p>","DefaultChoices":false,"QuestionType":"Slider","Selector":"HSLIDER","Configuration":{"QuestionDescriptionOption":"UseText","CSSliderMin":0,"CSSliderMax":6,"GridLines":6,"NumDecimals":0,"ShowValue":true,"CustomStart":true,"SliderStartPositions":{"1":0},"NotApplicable":false},"QuestionDescription":"It\nis often very difficult to complete two tasks simultaneously. Please indicate\nhow much effort you...","Choices":{"1":{"Display":"&nbsp;"}},"ChoiceOrder":[1],"Validation":{"Settings":{"ForceResponse":"ON","ForceResponseType":"ON","Type":"None"}},"GradingData":[],"Language":[],"Labels":{"1":{"Display":"I put all my effort into reading"},"2":{"Display":"I split my effort evenly between the two tasks"},"3":{"Display":"I put all my effort into counting"}},"QuestionText_Unsafe":"<p>It\nis often very difficult to complete two tasks simultaneously. Please indicate\nhow much effort you believe you put into each of the two tasks by choosing the\nappropriate number.<o:p><\/o:p><\/p>","DataExportTag":"Q29","QuestionID":"QID29"}},{"SurveyID":"SV_aeH0K6WlTIbRDaA","Element":"SQ","PrimaryAttribute":"QID32","SecondaryAttribute":"Please read the directions carefully. \u00a0In this short study, you will be asked to complete two tas..","TertiaryAttribute":null,"Payload":{"QuestionText":"<p>\n\t<strong>Please read the directions carefully<\/strong>.<br \/>\n\t<br \/>\n\t<o:p><\/o:p><\/p>\n<p>\n\t<o:p>&nbsp;<\/o:p>In this short study, you will be asked to complete two tasks simultaneously. Your first task will be to read the scenario on the following page and answer the question that follows it. Your second task will be to simultaneously count backwards by 3s. Both tasks are very important, so you should be sure to put effort into reading and into counting backwards. After you finish with the scenario, you will have to report the number that you end on. For example, if you are asked to start with 876 and you count backwards by 3s (873, 870, 867&hellip;) and finish reading the scenario and answering the question while you are on 819, you should write 819 at the bottom of the page. If you have been counting carefully, the number you report should be a multiple of three away from the original number.&nbsp; The number that you should start with will appear on the top of the following page. Begin counting backwards by 3s immediately, and then proceed to the scenario.<br \/>\n\t&nbsp;<\/p>\n<p>\n\t<strong>When you are ready to complete the two tasks, please proceed to the next page.<\/strong><br \/>\n\t<o:p><\/o:p><\/p>","DefaultChoices":false,"QuestionType":"DB","Selector":"TB","Configuration":{"QuestionDescriptionOption":"UseText"},"QuestionDescription":"Please read the directions carefully. \u00a0In this short study, you will be asked to complete two tas...","ChoiceOrder":[],"Validation":{"Settings":{"Type":"None"}},"GradingData":[],"Language":[],"QuestionText_Unsafe":"<p>\n\t<strong>Please read the directions carefully<\/strong>.<br \/>\n\t<br \/>\n\t<o:p><\/o:p><\/p>\n<p>\n\t<o:p>&nbsp;<\/o:p>In this short study, you will be asked to complete two tasks simultaneously. Your first task will be to read the scenario on the following page and answer the question that follows it. Your second task will be to simultaneously count backwards by 3s. Both tasks are very important, so you should be sure to put effort into reading and into counting backwards. After you finish with the scenario, you will have to report the number that you end on. For example, if you are asked to start with 876 and you count backwards by 3s (873, 870, 867&hellip;) and finish reading the scenario and answering the question while you are on 819, you should write 819 at the bottom of the page. If you have been counting carefully, the number you report should be a multiple of three away from the original number.&nbsp; The number that you should start with will appear on the top of the following page. Begin counting backwards by 3s immediately, and then proceed to the scenario.<br \/>\n\t&nbsp;<\/p>\n<p>\n\t<strong>When you are ready to complete the two tasks, please proceed to the next page.<\/strong><br \/>\n\t<o:p><\/o:p><\/p>","DataExportTag":"text","QuestionID":"QID32"}},{"SurveyID":"SV_aeH0K6WlTIbRDaA","Element":"SQ","PrimaryAttribute":"QID14","SecondaryAttribute":"Please read the following scenario carefully. \u00a0 Imagine that you are in a large lecture with a fe..","TertiaryAttribute":null,"Payload":{"QuestionText":"<p>\n\t<strong>Please read the following scenario carefully.<\/strong><br>\n\t&nbsp;<\/p>\n<p>\n\tImagine that you are in a large lecture with a few hundred students and you are sitting in the middle section, a little more than half-way back in the room. The professor asks a question about the readings, but no one raises his or her hand to answer. You have not done the reading and feel confident that you would not be able to answer the question. The class sits in silence for two minutes before the professor explains that if no one volunteers, he will choose someone.<br>\n\t&nbsp;<\/p>\n<o:p><\/o:p>\n<p>\n\tHow likely do you believe it is that the professor will call on you? Mark your answer by choosing the appropriate number below.<\/p>","DefaultChoices":false,"QuestionType":"Slider","Selector":"HSLIDER","Configuration":{"QuestionDescriptionOption":"UseText","CSSliderMin":0,"CSSliderMax":10,"GridLines":10,"NumDecimals":"0","ShowValue":true,"CustomStart":true,"SliderStartPositions":{"1":0},"NotApplicable":false,"SnapToGrid":false,"MobileFirst":false},"QuestionDescription":"Please read the following scenario carefully. \u00a0 Imagine that you are in a large lecture with a fe...","Choices":{"1":{"Display":"&nbsp;"}},"ChoiceOrder":[1],"Validation":{"Settings":{"ForceResponse":"ON","ForceResponseType":"ON","Type":"None"}},"GradingData":[],"Language":[],"Labels":{"1":{"Display":"Not at all likely"},"2":{"Display":"Extremely likely"}},"DataExportTag":"L0.R0.text","QuestionID":"QID14"}},{"SurveyID":"SV_aeH0K6WlTIbRDaA","Element":"SQ","PrimaryAttribute":"QID11","SecondaryAttribute":"Please read the following scenario carefully. Imagine that you are in a large lecture with a few...","TertiaryAttribute":null,"Payload":{"QuestionText":"<p>\n\t<strong>Please read the following scenario carefully.<\/strong><\/p>\n<p>\n\t<br \/>\n\tImagine that you are in a large lecture with a few hundred students and you are sitting in the middle section, a little more than half-way back in the room. The professor asks a question about the readings, but no one raises his or her hand to answer. You have done the reading and feel confident that the professor would like your answer, but prefer not to volunteer answers in large classes. The class sits in silence for two minutes before the professor explains that if no one volunteers, he will choose someone.<br \/>\n\t&nbsp;<\/p>\n<o:p><\/o:p>\n<p>\n\t<o:p> <\/o:p><\/p>\n<p>\n\tHow likely do you believe it is that the professor will call on you? Mark your answer by choosing the appropriate number below.<o:p><\/o:p><\/p>\n<p>\n\t&nbsp;<\/p>","DefaultChoices":false,"QuestionType":"Slider","Selector":"HSLIDER","Configuration":{"QuestionDescriptionOption":"UseText","CSSliderMin":0,"CSSliderMax":10,"GridLines":10,"NumDecimals":"0","ShowValue":true,"CustomStart":true,"SliderStartPositions":{"1":0},"NotApplicable":false,"SnapToGrid":false,"MobileFirst":false},"QuestionDescription":"Please read the following scenario carefully. Imagine that you are in a large lecture with a few...","Choices":{"1":{"Display":"&nbsp;"}},"ChoiceOrder":[1],"Validation":{"Settings":{"ForceResponse":"ON","ForceResponseType":"ON","Type":"None"}},"GradingData":[],"Language":[],"Labels":{"1":{"Display":"Not at all likely"},"2":{"Display":"Extremely likely"}},"DataExportTag":"L0.R1.text","QuestionID":"QID11"}},{"SurveyID":"SV_aeH0K6WlTIbRDaA","Element":"SQ","PrimaryAttribute":"QID45","SecondaryAttribute":"Start with the number:\u00a0\u00a0\u00a0\u00a0\u00a0 564 \u00a0 While counting backwards, read the following scenario. \u00a0 Im","TertiaryAttribute":null,"Payload":{"QuestionText":"<p>\n\tStart with the number:&nbsp;&nbsp;&nbsp;&nbsp;&nbsp; <span style=\"font-size:26px;\"><strong>564<\/strong><\/span><o:p><\/o:p><\/p>\n<p>\n\t<o:p>&nbsp;<\/o:p><\/p>\n<p>\n\tWhile counting backwards, read the following scenario.<o:p><\/o:p><\/p>\n<p>\n\t<o:p>&nbsp;<\/o:p><\/p>\n\n<p>\n\tImagine that you are in a large lecture with a few hundred students and you are sitting in the middle section, a little more than half-way back in the room. The professor asks a question about the readings, but no one raises his or her hand to answer. You have not done the reading and feel confident that you would not be able to answer the question<em>.<\/em> The class sits in silence for two minutes before the professor explains that if no one volunteers, he will choose someone.<\/p>\n<p>\n\t<o:p><\/o:p><\/p>\n<p>\n\t<o:p>&nbsp;<\/o:p><\/p>\n<p>\n\t<o:p> <\/o:p><\/p>\n<p>\n\tHow likely do you believe it is that the professor will call on you? Mark your answer by choosing the appropriate number below.<o:p><\/o:p><\/p>\n<p>\n\t&nbsp;<\/p>","DefaultChoices":false,"DataExportTag":"L1.R0.scenario","QuestionType":"Slider","Selector":"HSLIDER","Configuration":{"QuestionDescriptionOption":"UseText","CSSliderMin":0,"CSSliderMax":10,"GridLines":10,"SnapToGrid":false,"NumDecimals":"0","ShowValue":true,"CustomStart":true,"SliderStartPositions":{"1":0},"NotApplicable":false,"MobileFirst":false},"QuestionDescription":"Start with the number:\u00a0\u00a0\u00a0\u00a0\u00a0 564 \u00a0 While counting backwards, read the following scenario. \u00a0 Imagin...","Choices":{"1":{"Display":"&nbsp;"}},"ChoiceOrder":[1],"Validation":{"Settings":{"ForceResponse":"ON","ForceResponseType":"ON","Type":"None"}},"GradingData":[],"Language":[],"Labels":{"1":{"Display":"Not at all likely"},"2":{"Display":"Extremely likely"}},"QuestionID":"QID45"}},{"SurveyID":"SV_aeH0K6WlTIbRDaA","Element":"SQ","PrimaryAttribute":"QID44","SecondaryAttribute":"Start with the number:\u00a0\u00a0\u00a0\u00a0\u00a0 564 \u00a0 While counting backwards, read the following scenario. Imagi","TertiaryAttribute":null,"Payload":{"QuestionText":"<p>\n\tStart with the number:&nbsp;&nbsp;&nbsp;&nbsp;&nbsp; <span style=\"font-size:26px;\"><strong>564<\/strong><\/span><o:p><\/o:p><\/p>\n<p>\n\t<o:p>&nbsp;<\/o:p><\/p>\n<p>\n\tWhile counting backwards, read the following scenario.<\/p>\n<p>\n\t<br \/>\n\t<o:p><\/o:p><\/p>\n<p>\n\tImagine that you are in a large lecture with a few hundred students and you are sitting in the middle section, a little more than half-way back in the room. The professor asks a question about the readings, but no one raises his or her hand to answer. You have done the reading and feel confident that the professor would like your answer, but prefer not to volunteer answers in large classes<em>.<\/em> The class sits in silence for two minutes before the professor explains that if no one volunteers, he will choose someone.<\/p>\n<o:p><\/o:p>\n<p>\n\t<o:p>&nbsp;<\/o:p><\/p>\n<p>\n\t<o:p> <\/o:p><\/p>\n<p>\n\tHow likely do you believe it is that the professor will call on you? Mark your answer by choosing the appropriate number below.<o:p><\/o:p><\/p>\n<p>\n\t&nbsp;<\/p>","DefaultChoices":false,"DataExportTag":"L1.R1.scenario","QuestionType":"Slider","Selector":"HSLIDER","Configuration":{"QuestionDescriptionOption":"UseText","CSSliderMin":0,"CSSliderMax":10,"GridLines":10,"SnapToGrid":false,"NumDecimals":"0","ShowValue":true,"CustomStart":false,"NotApplicable":false,"MobileFirst":false},"QuestionDescription":"Start with the number:\u00a0\u00a0\u00a0\u00a0\u00a0 564 \u00a0 While counting backwards, read the following scenario. Imagine...","Choices":{"1":{"Display":"&nbsp;"}},"ChoiceOrder":[1],"Validation":{"Settings":{"ForceResponse":"ON","ForceResponseType":"ON","Type":"None"}},"GradingData":[],"Language":[],"Labels":{"1":{"Display":"Not at all likely"},"2":{"Display":"Extremely likely"}},"QuestionID":"QID44"}},{"SurveyID":"SV_aeH0K6WlTIbRDaA","Element":"SQ","PrimaryAttribute":"QID28","SecondaryAttribute":"STOP COUNTING! What number did you end on?","TertiaryAttribute":null,"Payload":{"QuestionText":"STOP COUNTING! What number did you end on?","DefaultChoices":false,"QuestionType":"TE","Selector":"SL","Configuration":{"QuestionDescriptionOption":"UseText"},"QuestionDescription":"STOP COUNTING! What number did you end on?","Choices":{"1":{"Display":"Click to write Choice 1"},"2":{"Display":"Click to write Choice 2"},"3":{"Display":"Click to write Choice 3"}},"ChoiceOrder":["1","2","3"],"Validation":{"Settings":{"ForceResponse":"ON","ForceResponseType":"ON","Type":"ContentType","ContentType":"ValidNumber","ValidDateType":"DateWithFormat","ValidPhoneType":"ValidUSPhone","ValidZipType":"ValidUSZip"}},"GradingData":[],"Language":[],"QuestionText_Unsafe":"STOP COUNTING! What number did you end on?","DataExportTag":"Q28","QuestionID":"QID28"}},{"SurveyID":"SV_aeH0K6WlTIbRDaA","Element":"SQ","PrimaryAttribute":"QID16","SecondaryAttribute":"Thank you for participating in this study.Your validation code for mTurk is ...","TertiaryAttribute":null,"Payload":{"QuestionText":"Thank you for participating in this study.<br \/>\n<br \/>\n<span style=\"color:#FF0000;\">Your validation code for mTurk is <em>${e:\/\/Field\/mTurkCode}.<br \/>\n<br \/>\n(This will appear only for mTurk users, not university participants.)<\/em><\/span><br \/>\n<br \/>\nPlease click the continue button &gt;&gt; one more time.\n<p>&nbsp;<\/p>\n\n<p>&nbsp;<\/p>","DefaultChoices":false,"DataExportTag":"text.thanks","QuestionID":"QID16","QuestionType":"DB","Selector":"TB","Configuration":{"QuestionDescriptionOption":"UseText"},"QuestionDescription":"Thank you for participating in this study.Your validation code for mTurk is ...","ChoiceOrder":[],"Validation":{"Settings":{"Type":"None"}},"GradingData":[],"Language":[]}},{"SurveyID":"SV_aeH0K6WlTIbRDaA","Element":"SQ","PrimaryAttribute":"QID46","SecondaryAttribute":"You have been randomly assigned to the condition: Cognitive load = ${e:\/\/Field\/load} Had read the...","TertiaryAttribute":null,"Payload":{"QuestionText":"You have been randomly assigned to the condition:<br \/>\nCognitive load = <span style=\"color:#FF0000;\">${e:\/\/Field\/load}<\/span><br \/>\nHad read the class materials (did not tempt fate) = <span style=\"color:#FF0000;\">${e:\/\/Field\/had.read}<\/span><br \/>\n<br \/>\n(This screen is only for pilot purposes.)","DefaultChoices":false,"DataExportTag":"Q13","QuestionType":"DB","Selector":"TB","Configuration":{"QuestionDescriptionOption":"UseText"},"QuestionDescription":"You have been randomly assigned to the condition: Cognitive load = ${e:\/\/Field\/load} Had read the...","ChoiceOrder":[],"Validation":{"Settings":{"Type":"None"}},"GradingData":[],"Language":[],"QuestionID":"QID46"}}]}